{
  "originHash" : "2948b1c9d8aeda54e1d28038dc1e5c91af2a4b86f47a442fa13c16601ded33c1",
  "pins" : [
    {
      "identity" : "swift-opus",
      "kind" : "remoteSourceControl",
      "location" : "https://github.com/alta/swift-opus",
      "state" : {
        "revision" : "5f0164b8915fb9001265c54413aa0f0efbd3df06",
        "version" : "0.0.2"
      }
    }
  ],
  "version" : 3
}
