{
  "originHash" : "548b6eb86896df3255bdcc8ab9a5536bb05dedb1e86d4017f8817bface0e2a00",
  "pins" : [
    {
      "identity" : "swift-opus",
      "kind" : "remoteSourceControl",
      "location" : "https://github.com/alta/swift-opus",
      "state" : {
        "revision" : "5f0164b8915fb9001265c54413aa0f0efbd3df06",
        "version" : "0.0.2"
      }
    }
  ],
  "version" : 3
}
